
Microsoft Visual Studio Solution File, Format Version 12.00
# Visual Studio 15
VisualStudioVersion = 15.0.28307.960
MinimumVisualStudioVersion = 10.0.40219.1
Project("{888888A0-9F3D-457C-B088-3A5042F75D52}") = "WebAutoTest", "WebAutoTest\WebAutoTest.pyproj", "{E99CD596-05BB-4080-B1BC-9B4C137FD145}"
EndProject
Global
	GlobalSection(SolutionConfigurationPlatforms) = preSolution
		Debug|Any CPU = Debug|Any CPU
		Release|Any CPU = Release|Any CPU
	EndGlobalSection
	GlobalSection(ProjectConfigurationPlatforms) = postSolution
		{E99CD596-05BB-4080-B1BC-9B4C137FD145}.Debug|Any CPU.ActiveCfg = Debug|Any CPU
		{E99CD596-05BB-4080-B1BC-9B4C137FD145}.Release|Any CPU.ActiveCfg = Release|Any CPU
	EndGlobalSection
	GlobalSection(SolutionProperties) = preSolution
		HideSolutionNode = FALSE
	EndGlobalSection
	GlobalSection(ExtensibilityGlobals) = postSolution
		SolutionGuid = {51441316-4C61-4DFF-B3EA-46CF8C2E7ED9}
	EndGlobalSection
EndGlobal
